// !$*UTF8*$!
{
	archiveVersion = 1;
	classes = {
	};
	objectVersion = 56;
	objects = {

/* Begin PBXBuildFile section */
		D842B96529A9E6800053E235 /* socklib.a in Frameworks */ = {isa = PBXBuildFile; fileRef = D842B96429A9E6800053E235 /* socklib.a */; };
		D842B96929A9E74E0053E235 /* wrapper.cpp in Sources */ = {isa = PBXBuildFile; fileRef = D842B96829A9E74D0053E235 /* wrapper.cpp */; };
		D842B96B29A9E7C70053E235 /* sock.c in Sources */ = {isa = PBXBuildFile; fileRef = D842B96A29A9E7C70053E235 /* sock.c */; };
		D842B96D29A9E9950053E235 /* msock.cpp in Sources */ = {isa = PBXBuildFile; fileRef = D842B96C29A9E9940053E235 /* msock.cpp */; };
		D842B96F29A9E9BB0053E235 /* socklibcpp.a in Frameworks */ = {isa = PBXBuildFile; fileRef = D842B96E29A9E9BB0053E235 /* socklibcpp.a */; };
		D8CCE8AD29A9576B00CD10A3 /* cemumirrorApp.swift in Sources */ = {isa = PBXBuildFile; fileRef = D8CCE8AC29A9576B00CD10A3 /* cemumirrorApp.swift */; };
		D8CCE8AF29A9576B00CD10A3 /* ContentView.swift in Sources */ = {isa = PBXBuildFile; fileRef = D8CCE8AE29A9576B00CD10A3 /* ContentView.swift */; };
		D8CCE8B129A9576E00CD10A3 /* Assets.xcassets in Resources */ = {isa = PBXBuildFile; fileRef = D8CCE8B029A9576E00CD10A3 /* Assets.xcassets */; };
		D8CCE8B429A9576E00CD10A3 /* Preview Assets.xcassets in Resources */ = {isa = PBXBuildFile; fileRef = D8CCE8B329A9576E00CD10A3 /* Preview Assets.xcassets */; };
		D8CCE8BE29A9576E00CD10A3 /* cemumirrorTests.swift in Sources */ = {isa = PBXBuildFile; fileRef = D8CCE8BD29A9576E00CD10A3 /* cemumirrorTests.swift */; };
		D8CCE8C829A9576E00CD10A3 /* cemumirrorUITests.swift in Sources */ = {isa = PBXBuildFile; fileRef = D8CCE8C729A9576E00CD10A3 /* cemumirrorUITests.swift */; };
		D8CCE8CA29A9576E00CD10A3 /* cemumirrorUITestsLaunchTests.swift in Sources */ = {isa = PBXBuildFile; fileRef = D8CCE8C929A9576E00CD10A3 /* cemumirrorUITestsLaunchTests.swift */; };
/* End PBXBuildFile section */

/* Begin PBXContainerItemProxy section */
		D8CCE8BA29A9576E00CD10A3 /* PBXContainerItemProxy */ = {
			isa = PBXContainerItemProxy;
			containerPortal = D8CCE8A129A9576B00CD10A3 /* Project object */;
			proxyType = 1;
			remoteGlobalIDString = D8CCE8A829A9576B00CD10A3;
			remoteInfo = cemumirror;
		};
		D8CCE8C429A9576E00CD10A3 /* PBXContainerItemProxy */ = {
			isa = PBXContainerItemProxy;
			containerPortal = D8CCE8A129A9576B00CD10A3 /* Project object */;
			proxyType = 1;
			remoteGlobalIDString = D8CCE8A829A9576B00CD10A3;
			remoteInfo = cemumirror;
		};
/* End PBXContainerItemProxy section */

/* Begin PBXFileReference section */
		D842B96429A9E6800053E235 /* socklib.a */ = {isa = PBXFileReference; lastKnownFileType = archive.ar; path = socklib.a; sourceTree = "<group>"; };
		D842B96629A9E6F20053E235 /* nimbase.h */ = {isa = PBXFileReference; fileEncoding = 4; lastKnownFileType = sourcecode.c.h; path = nimbase.h; sourceTree = "<group>"; };
		D842B96729A9E74D0053E235 /* cemumirror-Bridging-Header.h */ = {isa = PBXFileReference; lastKnownFileType = sourcecode.c.h; path = "cemumirror-Bridging-Header.h"; sourceTree = "<group>"; };
		D842B96829A9E74D0053E235 /* wrapper.cpp */ = {isa = PBXFileReference; lastKnownFileType = sourcecode.cpp.cpp; path = wrapper.cpp; sourceTree = "<group>"; };
		D842B96A29A9E7C70053E235 /* sock.c */ = {isa = PBXFileReference; fileEncoding = 4; lastKnownFileType = sourcecode.c.c; path = sock.c; sourceTree = "<group>"; };
		D842B96C29A9E9940053E235 /* msock.cpp */ = {isa = PBXFileReference; fileEncoding = 4; lastKnownFileType = sourcecode.cpp.cpp; path = msock.cpp; sourceTree = "<group>"; };
		D842B96E29A9E9BB0053E235 /* socklibcpp.a */ = {isa = PBXFileReference; lastKnownFileType = archive.ar; path = socklibcpp.a; sourceTree = "<group>"; };
		D8CCE8A929A9576B00CD10A3 /* cemumirror.app */ = {isa = PBXFileReference; explicitFileType = wrapper.application; includeInIndex = 0; path = cemumirror.app; sourceTree = BUILT_PRODUCTS_DIR; };
		D8CCE8AC29A9576B00CD10A3 /* cemumirrorApp.swift */ = {isa = PBXFileReference; lastKnownFileType = sourcecode.swift; path = cemumirrorApp.swift; sourceTree = "<group>"; };
		D8CCE8AE29A9576B00CD10A3 /* ContentView.swift */ = {isa = PBXFileReference; lastKnownFileType = sourcecode.swift; path = ContentView.swift; sourceTree = "<group>"; };
		D8CCE8B029A9576E00CD10A3 /* Assets.xcassets */ = {isa = PBXFileReference; lastKnownFileType = folder.assetcatalog; path = Assets.xcassets; sourceTree = "<group>"; };
		D8CCE8B329A9576E00CD10A3 /* Preview Assets.xcassets */ = {isa = PBXFileReference; lastKnownFileType = folder.assetcatalog; path = "Preview Assets.xcassets"; sourceTree = "<group>"; };
		D8CCE8B929A9576E00CD10A3 /* cemumirrorTests.xctest */ = {isa = PBXFileReference; explicitFileType = wrapper.cfbundle; includeInIndex = 0; path = cemumirrorTests.xctest; sourceTree = BUILT_PRODUCTS_DIR; };
		D8CCE8BD29A9576E00CD10A3 /* cemumirrorTests.swift */ = {isa = PBXFileReference; lastKnownFileType = sourcecode.swift; path = cemumirrorTests.swift; sourceTree = "<group>"; };
		D8CCE8C329A9576E00CD10A3 /* cemumirrorUITests.xctest */ = {isa = PBXFileReference; explicitFileType = wrapper.cfbundle; includeInIndex = 0; path = cemumirrorUITests.xctest; sourceTree = BUILT_PRODUCTS_DIR; };
		D8CCE8C729A9576E00CD10A3 /* cemumirrorUITests.swift */ = {isa = PBXFileReference; lastKnownFileType = sourcecode.swift; path = cemumirrorUITests.swift; sourceTree = "<group>"; };
		D8CCE8C929A9576E00CD10A3 /* cemumirrorUITestsLaunchTests.swift */ = {isa = PBXFileReference; lastKnownFileType = sourcecode.swift; path = cemumirrorUITestsLaunchTests.swift; sourceTree = "<group>"; };
/* End PBXFileReference section */

/* Begin PBXFrameworksBuildPhase section */
		D8CCE8A629A9576B00CD10A3 /* Frameworks */ = {
			isa = PBXFrameworksBuildPhase;
			buildActionMask = 2147483647;
			files = (
				D842B96F29A9E9BB0053E235 /* socklibcpp.a in Frameworks */,
				D842B96529A9E6800053E235 /* socklib.a in Frameworks */,
			);
			runOnlyForDeploymentPostprocessing = 0;
		};
		D8CCE8B629A9576E00CD10A3 /* Frameworks */ = {
			isa = PBXFrameworksBuildPhase;
			buildActionMask = 2147483647;
			files = (
			);
			runOnlyForDeploymentPostprocessing = 0;
		};
		D8CCE8C029A9576E00CD10A3 /* Frameworks */ = {
			isa = PBXFrameworksBuildPhase;
			buildActionMask = 2147483647;
			files = (
			);
			runOnlyForDeploymentPostprocessing = 0;
		};
/* End PBXFrameworksBuildPhase section */

/* Begin PBXGroup section */
		D842B96329A9E6800053E235 /* Frameworks */ = {
			isa = PBXGroup;
			children = (
				D842B96E29A9E9BB0053E235 /* socklibcpp.a */,
				D842B96429A9E6800053E235 /* socklib.a */,
			);
			name = Frameworks;
			sourceTree = "<group>";
		};
		D8CCE8A029A9576B00CD10A3 = {
			isa = PBXGroup;
			children = (
				D842B96829A9E74D0053E235 /* wrapper.cpp */,
				D842B96C29A9E9940053E235 /* msock.cpp */,
				D842B96A29A9E7C70053E235 /* sock.c */,
				D842B96629A9E6F20053E235 /* nimbase.h */,
				D8CCE8AB29A9576B00CD10A3 /* cemumirror */,
				D8CCE8BC29A9576E00CD10A3 /* cemumirrorTests */,
				D8CCE8C629A9576E00CD10A3 /* cemumirrorUITests */,
				D8CCE8AA29A9576B00CD10A3 /* Products */,
				D842B96329A9E6800053E235 /* Frameworks */,
				D842B96729A9E74D0053E235 /* cemumirror-Bridging-Header.h */,
			);
			sourceTree = "<group>";
		};
		D8CCE8AA29A9576B00CD10A3 /* Products */ = {
			isa = PBXGroup;
			children = (
				D8CCE8A929A9576B00CD10A3 /* cemumirror.app */,
				D8CCE8B929A9576E00CD10A3 /* cemumirrorTests.xctest */,
				D8CCE8C329A9576E00CD10A3 /* cemumirrorUITests.xctest */,
			);
			name = Products;
			sourceTree = "<group>";
		};
		D8CCE8AB29A9576B00CD10A3 /* cemumirror */ = {
			isa = PBXGroup;
			children = (
				D8CCE8AC29A9576B00CD10A3 /* cemumirrorApp.swift */,
				D8CCE8AE29A9576B00CD10A3 /* ContentView.swift */,
				D8CCE8B029A9576E00CD10A3 /* Assets.xcassets */,
				D8CCE8B229A9576E00CD10A3 /* Preview Content */,
			);
			path = cemumirror;
			sourceTree = "<group>";
		};
		D8CCE8B229A9576E00CD10A3 /* Preview Content */ = {
			isa = PBXGroup;
			children = (
				D8CCE8B329A9576E00CD10A3 /* Preview Assets.xcassets */,
			);
			path = "Preview Content";
			sourceTree = "<group>";
		};
		D8CCE8BC29A9576E00CD10A3 /* cemumirrorTests */ = {
			isa = PBXGroup;
			children = (
				D8CCE8BD29A9576E00CD10A3 /* cemumirrorTests.swift */,
			);
			path = cemumirrorTests;
			sourceTree = "<group>";
		};
		D8CCE8C629A9576E00CD10A3 /* cemumirrorUITests */ = {
			isa = PBXGroup;
			children = (
				D8CCE8C729A9576E00CD10A3 /* cemumirrorUITests.swift */,
				D8CCE8C929A9576E00CD10A3 /* cemumirrorUITestsLaunchTests.swift */,
			);
			path = cemumirrorUITests;
			sourceTree = "<group>";
		};
/* End PBXGroup section */

/* Begin PBXNativeTarget section */
		D8CCE8A829A9576B00CD10A3 /* cemumirror */ = {
			isa = PBXNativeTarget;
			buildConfigurationList = D8CCE8CD29A9576E00CD10A3 /* Build configuration list for PBXNativeTarget "cemumirror" */;
			buildPhases = (
				D8CCE8A529A9576B00CD10A3 /* Sources */,
				D8CCE8A629A9576B00CD10A3 /* Frameworks */,
				D8CCE8A729A9576B00CD10A3 /* Resources */,
			);
			buildRules = (
			);
			dependencies = (
			);
			name = cemumirror;
			productName = cemumirror;
			productReference = D8CCE8A929A9576B00CD10A3 /* cemumirror.app */;
			productType = "com.apple.product-type.application";
		};
		D8CCE8B829A9576E00CD10A3 /* cemumirrorTests */ = {
			isa = PBXNativeTarget;
			buildConfigurationList = D8CCE8D029A9576E00CD10A3 /* Build configuration list for PBXNativeTarget "cemumirrorTests" */;
			buildPhases = (
				D8CCE8B529A9576E00CD10A3 /* Sources */,
				D8CCE8B629A9576E00CD10A3 /* Frameworks */,
				D8CCE8B729A9576E00CD10A3 /* Resources */,
			);
			buildRules = (
			);
			dependencies = (
				D8CCE8BB29A9576E00CD10A3 /* PBXTargetDependency */,
			);
			name = cemumirrorTests;
			productName = cemumirrorTests;
			productReference = D8CCE8B929A9576E00CD10A3 /* cemumirrorTests.xctest */;
			productType = "com.apple.product-type.bundle.unit-test";
		};
		D8CCE8C229A9576E00CD10A3 /* cemumirrorUITests */ = {
			isa = PBXNativeTarget;
			buildConfigurationList = D8CCE8D329A9576E00CD10A3 /* Build configuration list for PBXNativeTarget "cemumirrorUITests" */;
			buildPhases = (
				D8CCE8BF29A9576E00CD10A3 /* Sources */,
				D8CCE8C029A9576E00CD10A3 /* Frameworks */,
				D8CCE8C129A9576E00CD10A3 /* Resources */,
			);
			buildRules = (
			);
			dependencies = (
				D8CCE8C529A9576E00CD10A3 /* PBXTargetDependency */,
			);
			name = cemumirrorUITests;
			productName = cemumirrorUITests;
			productReference = D8CCE8C329A9576E00CD10A3 /* cemumirrorUITests.xctest */;
			productType = "com.apple.product-type.bundle.ui-testing";
		};
/* End PBXNativeTarget section */

/* Begin PBXProject section */
		D8CCE8A129A9576B00CD10A3 /* Project object */ = {
			isa = PBXProject;
			attributes = {
				BuildIndependentTargetsInParallel = 1;
				LastSwiftUpdateCheck = 1420;
				LastUpgradeCheck = 1420;
				TargetAttributes = {
					D8CCE8A829A9576B00CD10A3 = {
						CreatedOnToolsVersion = 14.2;
						LastSwiftMigration = 1420;
					};
					D8CCE8B829A9576E00CD10A3 = {
						CreatedOnToolsVersion = 14.2;
						TestTargetID = D8CCE8A829A9576B00CD10A3;
					};
					D8CCE8C229A9576E00CD10A3 = {
						CreatedOnToolsVersion = 14.2;
						TestTargetID = D8CCE8A829A9576B00CD10A3;
					};
				};
			};
			buildConfigurationList = D8CCE8A429A9576B00CD10A3 /* Build configuration list for PBXProject "cemumirror" */;
			compatibilityVersion = "Xcode 14.0";
			developmentRegion = en;
			hasScannedForEncodings = 0;
			knownRegions = (
				en,
				Base,
			);
			mainGroup = D8CCE8A029A9576B00CD10A3;
			productRefGroup = D8CCE8AA29A9576B00CD10A3 /* Products */;
			projectDirPath = "";
			projectRoot = "";
			targets = (
				D8CCE8A829A9576B00CD10A3 /* cemumirror */,
				D8CCE8B829A9576E00CD10A3 /* cemumirrorTests */,
				D8CCE8C229A9576E00CD10A3 /* cemumirrorUITests */,
			);
		};
/* End PBXProject section */

/* Begin PBXResourcesBuildPhase section */
		D8CCE8A729A9576B00CD10A3 /* Resources */ = {
			isa = PBXResourcesBuildPhase;
			buildActionMask = 2147483647;
			files = (
				D8CCE8B429A9576E00CD10A3 /* Preview Assets.xcassets in Resources */,
				D8CCE8B129A9576E00CD10A3 /* Assets.xcassets in Resources */,
			);
			runOnlyForDeploymentPostprocessing = 0;
		};
		D8CCE8B729A9576E00CD10A3 /* Resources */ = {
			isa = PBXResourcesBuildPhase;
			buildActionMask = 2147483647;
			files = (
			);
			runOnlyForDeploymentPostprocessing = 0;
		};
		D8CCE8C129A9576E00CD10A3 /* Resources */ = {
			isa = PBXResourcesBuildPhase;
			buildActionMask = 2147483647;
			files = (
			);
			runOnlyForDeploymentPostprocessing = 0;
		};
/* End PBXResourcesBuildPhase section */

/* Begin PBXSourcesBuildPhase section */
		D8CCE8A529A9576B00CD10A3 /* Sources */ = {
			isa = PBXSourcesBuildPhase;
			buildActionMask = 2147483647;
			files = (
				D8CCE8AF29A9576B00CD10A3 /* ContentView.swift in Sources */,
				D8CCE8AD29A9576B00CD10A3 /* cemumirrorApp.swift in Sources */,
				D842B96D29A9E9950053E235 /* msock.cpp in Sources */,
				D842B96929A9E74E0053E235 /* wrapper.cpp in Sources */,
				D842B96B29A9E7C70053E235 /* sock.c in Sources */,
			);
			runOnlyForDeploymentPostprocessing = 0;
		};
		D8CCE8B529A9576E00CD10A3 /* Sources */ = {
			isa = PBXSourcesBuildPhase;
			buildActionMask = 2147483647;
			files = (
				D8CCE8BE29A9576E00CD10A3 /* cemumirrorTests.swift in Sources */,
			);
			runOnlyForDeploymentPostprocessing = 0;
		};
		D8CCE8BF29A9576E00CD10A3 /* Sources */ = {
			isa = PBXSourcesBuildPhase;
			buildActionMask = 2147483647;
			files = (
				D8CCE8C829A9576E00CD10A3 /* cemumirrorUITests.swift in Sources */,
				D8CCE8CA29A9576E00CD10A3 /* cemumirrorUITestsLaunchTests.swift in Sources */,
			);
			runOnlyForDeploymentPostprocessing = 0;
		};
/* End PBXSourcesBuildPhase section */

/* Begin PBXTargetDependency section */
		D8CCE8BB29A9576E00CD10A3 /* PBXTargetDependency */ = {
			isa = PBXTargetDependency;
			target = D8CCE8A829A9576B00CD10A3 /* cemumirror */;
			targetProxy = D8CCE8BA29A9576E00CD10A3 /* PBXContainerItemProxy */;
		};
		D8CCE8C529A9576E00CD10A3 /* PBXTargetDependency */ = {
			isa = PBXTargetDependency;
			target = D8CCE8A829A9576B00CD10A3 /* cemumirror */;
			targetProxy = D8CCE8C429A9576E00CD10A3 /* PBXContainerItemProxy */;
		};
/* End PBXTargetDependency section */

/* Begin XCBuildConfiguration section */
		D8CCE8CB29A9576E00CD10A3 /* Debug */ = {
			isa = XCBuildConfiguration;
			buildSettings = {
				ALWAYS_SEARCH_USER_PATHS = NO;
				CLANG_ANALYZER_NONNULL = YES;
				CLANG_ANALYZER_NUMBER_OBJECT_CONVERSION = YES_AGGRESSIVE;
				CLANG_CXX_LANGUAGE_STANDARD = "gnu++20";
				CLANG_ENABLE_MODULES = YES;
				CLANG_ENABLE_OBJC_ARC = YES;
				CLANG_ENABLE_OBJC_WEAK = YES;
				CLANG_WARN_BLOCK_CAPTURE_AUTORELEASING = YES;
				CLANG_WARN_BOOL_CONVERSION = YES;
				CLANG_WARN_COMMA = YES;
				CLANG_WARN_CONSTANT_CONVERSION = YES;
				CLANG_WARN_DEPRECATED_OBJC_IMPLEMENTATIONS = YES;
				CLANG_WARN_DIRECT_OBJC_ISA_USAGE = YES_ERROR;
				CLANG_WARN_DOCUMENTATION_COMMENTS = YES;
				CLANG_WARN_EMPTY_BODY = YES;
				CLANG_WARN_ENUM_CONVERSION = YES;
				CLANG_WARN_INFINITE_RECURSION = YES;
				CLANG_WARN_INT_CONVERSION = YES;
				CLANG_WARN_NON_LITERAL_NULL_CONVERSION = YES;
				CLANG_WARN_OBJC_IMPLICIT_RETAIN_SELF = YES;
				CLANG_WARN_OBJC_LITERAL_CONVERSION = YES;
				CLANG_WARN_OBJC_ROOT_CLASS = YES_ERROR;
				CLANG_WARN_QUOTED_INCLUDE_IN_FRAMEWORK_HEADER = YES;
				CLANG_WARN_RANGE_LOOP_ANALYSIS = YES;
				CLANG_WARN_STRICT_PROTOTYPES = YES;
				CLANG_WARN_SUSPICIOUS_MOVE = YES;
				CLANG_WARN_UNGUARDED_AVAILABILITY = YES_AGGRESSIVE;
				CLANG_WARN_UNREACHABLE_CODE = YES;
				CLANG_WARN__DUPLICATE_METHOD_MATCH = YES;
				COPY_PHASE_STRIP = NO;
				DEBUG_INFORMATION_FORMAT = dwarf;
				ENABLE_STRICT_OBJC_MSGSEND = YES;
				ENABLE_TESTABILITY = YES;
				GCC_C_LANGUAGE_STANDARD = gnu11;
				GCC_DYNAMIC_NO_PIC = NO;
				GCC_NO_COMMON_BLOCKS = YES;
				GCC_OPTIMIZATION_LEVEL = 0;
				GCC_PREPROCESSOR_DEFINITIONS = (
					"DEBUG=1",
					"$(inherited)",
				);
				GCC_WARN_64_TO_32_BIT_CONVERSION = YES;
				GCC_WARN_ABOUT_RETURN_TYPE = YES_ERROR;
				GCC_WARN_UNDECLARED_SELECTOR = YES;
				GCC_WARN_UNINITIALIZED_AUTOS = YES_AGGRESSIVE;
				GCC_WARN_UNUSED_FUNCTION = YES;
				GCC_WARN_UNUSED_VARIABLE = YES;
				IPHONEOS_DEPLOYMENT_TARGET = 16.2;
				MTL_ENABLE_DEBUG_INFO = INCLUDE_SOURCE;
				MTL_FAST_MATH = YES;
				ONLY_ACTIVE_ARCH = YES;
				SDKROOT = iphoneos;
				SWIFT_ACTIVE_COMPILATION_CONDITIONS = DEBUG;
				SWIFT_OPTIMIZATION_LEVEL = "-Onone";
			};
			name = Debug;
		};
		D8CCE8CC29A9576E00CD10A3 /* Release */ = {
			isa = XCBuildConfiguration;
			buildSettings = {
				ALWAYS_SEARCH_USER_PATHS = NO;
				CLANG_ANALYZER_NONNULL = YES;
				CLANG_ANALYZER_NUMBER_OBJECT_CONVERSION = YES_AGGRESSIVE;
				CLANG_CXX_LANGUAGE_STANDARD = "gnu++20";
				CLANG_ENABLE_MODULES = YES;
				CLANG_ENABLE_OBJC_ARC = YES;
				CLANG_ENABLE_OBJC_WEAK = YES;
				CLANG_WARN_BLOCK_CAPTURE_AUTORELEASING = YES;
				CLANG_WARN_BOOL_CONVERSION = YES;
				CLANG_WARN_COMMA = YES;
				CLANG_WARN_CONSTANT_CONVERSION = YES;
				CLANG_WARN_DEPRECATED_OBJC_IMPLEMENTATIONS = YES;
				CLANG_WARN_DIRECT_OBJC_ISA_USAGE = YES_ERROR;
				CLANG_WARN_DOCUMENTATION_COMMENTS = YES;
				CLANG_WARN_EMPTY_BODY = YES;
				CLANG_WARN_ENUM_CONVERSION = YES;
				CLANG_WARN_INFINITE_RECURSION = YES;
				CLANG_WARN_INT_CONVERSION = YES;
				CLANG_WARN_NON_LITERAL_NULL_CONVERSION = YES;
				CLANG_WARN_OBJC_IMPLICIT_RETAIN_SELF = YES;
				CLANG_WARN_OBJC_LITERAL_CONVERSION = YES;
				CLANG_WARN_OBJC_ROOT_CLASS = YES_ERROR;
				CLANG_WARN_QUOTED_INCLUDE_IN_FRAMEWORK_HEADER = YES;
				CLANG_WARN_RANGE_LOOP_ANALYSIS = YES;
				CLANG_WARN_STRICT_PROTOTYPES = YES;
				CLANG_WARN_SUSPICIOUS_MOVE = YES;
				CLANG_WARN_UNGUARDED_AVAILABILITY = YES_AGGRESSIVE;
				CLANG_WARN_UNREACHABLE_CODE = YES;
				CLANG_WARN__DUPLICATE_METHOD_MATCH = YES;
				COPY_PHASE_STRIP = NO;
				DEBUG_INFORMATION_FORMAT = "dwarf-with-dsym";
				ENABLE_NS_ASSERTIONS = NO;
				ENABLE_STRICT_OBJC_MSGSEND = YES;
				GCC_C_LANGUAGE_STANDARD = gnu11;
				GCC_NO_COMMON_BLOCKS = YES;
				GCC_WARN_64_TO_32_BIT_CONVERSION = YES;
				GCC_WARN_ABOUT_RETURN_TYPE = YES_ERROR;
				GCC_WARN_UNDECLARED_SELECTOR = YES;
				GCC_WARN_UNINITIALIZED_AUTOS = YES_AGGRESSIVE;
				GCC_WARN_UNUSED_FUNCTION = YES;
				GCC_WARN_UNUSED_VARIABLE = YES;
				IPHONEOS_DEPLOYMENT_TARGET = 16.2;
				MTL_ENABLE_DEBUG_INFO = NO;
				MTL_FAST_MATH = YES;
				SDKROOT = iphoneos;
				SWIFT_COMPILATION_MODE = wholemodule;
				SWIFT_OPTIMIZATION_LEVEL = "-O";
				VALIDATE_PRODUCT = YES;
			};
			name = Release;
		};
		D8CCE8CE29A9576E00CD10A3 /* Debug */ = {
			isa = XCBuildConfiguration;
			buildSettings = {
				ASSETCATALOG_COMPILER_APPICON_NAME = AppIcon;
				ASSETCATALOG_COMPILER_GLOBAL_ACCENT_COLOR_NAME = AccentColor;
				CLANG_ENABLE_MODULES = YES;
				CODE_SIGN_STYLE = Automatic;
				CURRENT_PROJECT_VERSION = 1;
				DEVELOPMENT_ASSET_PATHS = "\"cemumirror/Preview Content\"";
				DEVELOPMENT_TEAM = K559Z5J335;
				ENABLE_PREVIEWS = YES;
				GENERATE_INFOPLIST_FILE = YES;
				INFOPLIST_KEY_CFBundleDisplayName = "Cemu Mirror";
				INFOPLIST_KEY_LSApplicationCategoryType = "public.app-category.utilities";
				INFOPLIST_KEY_UIApplicationSceneManifest_Generation = YES;
				INFOPLIST_KEY_UIApplicationSupportsIndirectInputEvents = YES;
				INFOPLIST_KEY_UILaunchScreen_Generation = YES;
				INFOPLIST_KEY_UIRequiresFullScreen = NO;
				INFOPLIST_KEY_UISupportedInterfaceOrientations_iPad = "UIInterfaceOrientationPortrait UIInterfaceOrientationPortraitUpsideDown UIInterfaceOrientationLandscapeLeft UIInterfaceOrientationLandscapeRight";
				INFOPLIST_KEY_UISupportedInterfaceOrientations_iPhone = "UIInterfaceOrientationPortrait UIInterfaceOrientationLandscapeLeft UIInterfaceOrientationLandscapeRight";
				LD_RUNPATH_SEARCH_PATHS = (
					"$(inherited)",
					"@executable_path/Frameworks",
				);
				LIBRARY_SEARCH_PATHS = (
					"$(inherited)",
					"$(PROJECT_DIR)",
				);
				MARKETING_VERSION = 1.0;
				PRODUCT_BUNDLE_IDENTIFIER = speedyturtle.cemumirror;
				PRODUCT_NAME = "$(TARGET_NAME)";
				SWIFT_EMIT_LOC_STRINGS = YES;
				SWIFT_OBJC_BRIDGING_HEADER = "cemumirror-Bridging-Header.h";
				SWIFT_OPTIMIZATION_LEVEL = "-Onone";
				SWIFT_VERSION = 5.0;
				TARGETED_DEVICE_FAMILY = "1,2";
			};
			name = Debug;
		};
		D8CCE8CF29A9576E00CD10A3 /* Release */ = {
			isa = XCBuildConfiguration;
			buildSettings = {
				ASSETCATALOG_COMPILER_APPICON_NAME = AppIcon;
				ASSETCATALOG_COMPILER_GLOBAL_ACCENT_COLOR_NAME = AccentColor;
				CLANG_ENABLE_MODULES = YES;
				CODE_SIGN_STYLE = Automatic;
				CURRENT_PROJECT_VERSION = 1;
				DEVELOPMENT_ASSET_PATHS = "\"cemumirror/Preview Content\"";
				DEVELOPMENT_TEAM = K559Z5J335;
				ENABLE_PREVIEWS = YES;
				GENERATE_INFOPLIST_FILE = YES;
				INFOPLIST_KEY_CFBundleDisplayName = "Cemu Mirror";
				INFOPLIST_KEY_LSApplicationCategoryType = "public.app-category.utilities";
				INFOPLIST_KEY_UIApplicationSceneManifest_Generation = YES;
				INFOPLIST_KEY_UIApplicationSupportsIndirectInputEvents = YES;
				INFOPLIST_KEY_UILaunchScreen_Generation = YES;
				INFOPLIST_KEY_UIRequiresFullScreen = NO;
				INFOPLIST_KEY_UISupportedInterfaceOrientations_iPad = "UIInterfaceOrientationPortrait UIInterfaceOrientationPortraitUpsideDown UIInterfaceOrientationLandscapeLeft UIInterfaceOrientationLandscapeRight";
				INFOPLIST_KEY_UISupportedInterfaceOrientations_iPhone = "UIInterfaceOrientationPortrait UIInterfaceOrientationLandscapeLeft UIInterfaceOrientationLandscapeRight";
				LD_RUNPATH_SEARCH_PATHS = (
					"$(inherited)",
					"@executable_path/Frameworks",
				);
				LIBRARY_SEARCH_PATHS = (
					"$(inherited)",
					"$(PROJECT_DIR)",
				);
				MARKETING_VERSION = 1.0;
				PRODUCT_BUNDLE_IDENTIFIER = speedyturtle.cemumirror;
				PRODUCT_NAME = "$(TARGET_NAME)";
				SWIFT_EMIT_LOC_STRINGS = YES;
				SWIFT_OBJC_BRIDGING_HEADER = "cemumirror-Bridging-Header.h";
				SWIFT_VERSION = 5.0;
				TARGETED_DEVICE_FAMILY = "1,2";
			};
			name = Release;
		};
		D8CCE8D129A9576E00CD10A3 /* Debug */ = {
			isa = XCBuildConfiguration;
			buildSettings = {
				ALWAYS_EMBED_SWIFT_STANDARD_LIBRARIES = YES;
				BUNDLE_LOADER = "$(TEST_HOST)";
				CODE_SIGN_STYLE = Automatic;
				CURRENT_PROJECT_VERSION = 1;
				DEVELOPMENT_TEAM = K559Z5J335;
				GENERATE_INFOPLIST_FILE = YES;
				IPHONEOS_DEPLOYMENT_TARGET = 16.2;
				MARKETING_VERSION = 1.0;
				PRODUCT_BUNDLE_IDENTIFIER = speedyturtle.cemumirrorTests;
				PRODUCT_NAME = "$(TARGET_NAME)";
				SWIFT_EMIT_LOC_STRINGS = NO;
				SWIFT_VERSION = 5.0;
				TARGETED_DEVICE_FAMILY = "1,2";
				TEST_HOST = "$(BUILT_PRODUCTS_DIR)/cemumirror.app/$(BUNDLE_EXECUTABLE_FOLDER_PATH)/cemumirror";
			};
			name = Debug;
		};
		D8CCE8D229A9576E00CD10A3 /* Release */ = {
			isa = XCBuildConfiguration;
			buildSettings = {
				ALWAYS_EMBED_SWIFT_STANDARD_LIBRARIES = YES;
				BUNDLE_LOADER = "$(TEST_HOST)";
				CODE_SIGN_STYLE = Automatic;
				CURRENT_PROJECT_VERSION = 1;
				DEVELOPMENT_TEAM = K559Z5J335;
				GENERATE_INFOPLIST_FILE = YES;
				IPHONEOS_DEPLOYMENT_TARGET = 16.2;
				MARKETING_VERSION = 1.0;
				PRODUCT_BUNDLE_IDENTIFIER = speedyturtle.cemumirrorTests;
				PRODUCT_NAME = "$(TARGET_NAME)";
				SWIFT_EMIT_LOC_STRINGS = NO;
				SWIFT_VERSION = 5.0;
				TARGETED_DEVICE_FAMILY = "1,2";
				TEST_HOST = "$(BUILT_PRODUCTS_DIR)/cemumirror.app/$(BUNDLE_EXECUTABLE_FOLDER_PATH)/cemumirror";
			};
			name = Release;
		};
		D8CCE8D429A9576E00CD10A3 /* Debug */ = {
			isa = XCBuildConfiguration;
			buildSettings = {
				ALWAYS_EMBED_SWIFT_STANDARD_LIBRARIES = YES;
				CODE_SIGN_STYLE = Automatic;
				CURRENT_PROJECT_VERSION = 1;
				DEVELOPMENT_TEAM = K559Z5J335;
				GENERATE_INFOPLIST_FILE = YES;
				MARKETING_VERSION = 1.0;
				PRODUCT_BUNDLE_IDENTIFIER = speedyturtle.cemumirrorUITests;
				PRODUCT_NAME = "$(TARGET_NAME)";
				SWIFT_EMIT_LOC_STRINGS = NO;
				SWIFT_VERSION = 5.0;
				TARGETED_DEVICE_FAMILY = "1,2";
				TEST_TARGET_NAME = cemumirror;
			};
			name = Debug;
		};
		D8CCE8D529A9576E00CD10A3 /* Release */ = {
			isa = XCBuildConfiguration;
			buildSettings = {
				ALWAYS_EMBED_SWIFT_STANDARD_LIBRARIES = YES;
				CODE_SIGN_STYLE = Automatic;
				CURRENT_PROJECT_VERSION = 1;
				DEVELOPMENT_TEAM = K559Z5J335;
				GENERATE_INFOPLIST_FILE = YES;
				MARKETING_VERSION = 1.0;
				PRODUCT_BUNDLE_IDENTIFIER = speedyturtle.cemumirrorUITests;
				PRODUCT_NAME = "$(TARGET_NAME)";
				SWIFT_EMIT_LOC_STRINGS = NO;
				SWIFT_VERSION = 5.0;
				TARGETED_DEVICE_FAMILY = "1,2";
				TEST_TARGET_NAME = cemumirror;
			};
			name = Release;
		};
/* End XCBuildConfiguration section */

/* Begin XCConfigurationList section */
		D8CCE8A429A9576B00CD10A3 /* Build configuration list for PBXProject "cemumirror" */ = {
			isa = XCConfigurationList;
			buildConfigurations = (
				D8CCE8CB29A9576E00CD10A3 /* Debug */,
				D8CCE8CC29A9576E00CD10A3 /* Release */,
			);
			defaultConfigurationIsVisible = 0;
			defaultConfigurationName = Release;
		};
		D8CCE8CD29A9576E00CD10A3 /* Build configuration list for PBXNativeTarget "cemumirror" */ = {
			isa = XCConfigurationList;
			buildConfigurations = (
				D8CCE8CE29A9576E00CD10A3 /* Debug */,
				D8CCE8CF29A9576E00CD10A3 /* Release */,
			);
			defaultConfigurationIsVisible = 0;
			defaultConfigurationName = Release;
		};
		D8CCE8D029A9576E00CD10A3 /* Build configuration list for PBXNativeTarget "cemumirrorTests" */ = {
			isa = XCConfigurationList;
			buildConfigurations = (
				D8CCE8D129A9576E00CD10A3 /* Debug */,
				D8CCE8D229A9576E00CD10A3 /* Release */,
			);
			defaultConfigurationIsVisible = 0;
			defaultConfigurationName = Release;
		};
		D8CCE8D329A9576E00CD10A3 /* Build configuration list for PBXNativeTarget "cemumirrorUITests" */ = {
			isa = XCConfigurationList;
			buildConfigurations = (
				D8CCE8D429A9576E00CD10A3 /* Debug */,
				D8CCE8D529A9576E00CD10A3 /* Release */,
			);
			defaultConfigurationIsVisible = 0;
			defaultConfigurationName = Release;
		};
/* End XCConfigurationList section */
	};
	rootObject = D8CCE8A129A9576B00CD10A3 /* Project object */;
}
